<?xml version="1.0" encoding="utf-8"?>
<Project ToolsVersion="4.0" xmlns="http://schemas.microsoft.com/developer/msbuild/2003">
  <ItemGroup>
    <Filter Include="Source Files">
      <UniqueIdentifier>{4FC737F1-C7A5-4376-A066-2A32D752A2FF}</UniqueIdentifier>
      <Extensions>cpp;c;cc;cxx;def;odl;idl;hpj;bat;asm;asmx</Extensions>
    </Filter>
    <Filter Include="Header Files">
      <UniqueIdentifier>{93995380-89BD-4b04-88EB-625FBE52EBFB}</UniqueIdentifier>
      <Extensions>h;hh;hpp;hxx;hm;inl;inc;ipp;xsd</Extensions>
    </Filter>
    <Filter Include="Resource Files">
      <UniqueIdentifier>{67DA6AB6-F800-4c08-8B7A-83BB121AAD01}</UniqueIdentifier>
      <Extensions>rc;ico;cur;bmp;dlg;rc2;rct;bin;rgs;gif;jpg;jpeg;jpe;resx;tiff;tif;png;wav;mfcribbon-ms</Extensions>
    </Filter>
  </ItemGroup>
  <ItemGroup>
    <ClCompile Include="..\filehandler.cpp">
      <Filter>Source Files</Filter>
    </ClCompile>
    <ClCompile Include="..\main.cpp">
      <Filter>Source Files</Filter>
    </ClCompile>
    <ClCompile Include="..\model_factory.cpp">
      <Filter>Source Files</Filter>
    </ClCompile>
    <ClCompile Include="..\tasklyapunov.cpp">
      <Filter>Source Files</Filter>
    </ClCompile>
    <ClCompile Include="..\cuda\lyapunov.dp.cpp">
      <Filter>Source Files</Filter>
    </ClCompile>
    <ClCompile Include="..\cuda\tools\dopri.dp.cpp">
      <Filter>Source Files</Filter>
    </ClCompile>
    <ClCompile Include="..\cuda\tools\dverk.dp.cpp">
      <Filter>Source Files</Filter>
    </ClCompile>
    <ClCompile Include="..\cuda\tools\linalg.dp.cpp">
      <Filter>Source Files</Filter>
    </ClCompile>
    <ClCompile Include="..\cuda\tools\mapstep.dp.cpp">
      <Filter>Source Files</Filter>
    </ClCompile>
    <ClCompile Include="..\cuda\models\flows\shimizu.dp.cpp">
      <Filter>Source Files</Filter>
    </ClCompile>
    <ClCompile Include="..\tool_params.cpp">
      <Filter>Source Files</Filter>
    </ClCompile>
  </ItemGroup>
  <ItemGroup>
    <ClInclude Include="..\consts.h">
      <Filter>Header Files</Filter>
    </ClInclude>
    <ClInclude Include="..\filehandler.h">
      <Filter>Header Files</Filter>
    </ClInclude>
    <ClInclude Include="..\model_factory.h">
      <Filter>Header Files</Filter>
    </ClInclude>
    <ClInclude Include="..\raiitimer.h">
      <Filter>Header Files</Filter>
    </ClInclude>
    <ClInclude Include="..\singleton.h">
      <Filter>Header Files</Filter>
    </ClInclude>
    <ClInclude Include="..\stat.h">
      <Filter>Header Files</Filter>
    </ClInclude>
    <ClInclude Include="..\task.h">
      <Filter>Header Files</Filter>
    </ClInclude>
    <ClInclude Include="..\tasklyapunov.h">
      <Filter>Header Files</Filter>
    </ClInclude>
    <ClInclude Include="..\tool_params.h">
      <Filter>Header Files</Filter>
    </ClInclude>
    <ClInclude Include="..\types.h">
      <Filter>Header Files</Filter>
    </ClInclude>
    <ClInclude Include="..\utils.h">
      <Filter>Header Files</Filter>
    </ClInclude>
    <ClInclude Include="..\cuda\lyapunov.dp.hpp">
      <Filter>Header Files</Filter>
    </ClInclude>
    <ClInclude Include="..\cuda\tools\dopri.dp.hpp">
      <Filter>Header Files</Filter>
    </ClInclude>
    <ClInclude Include="..\cuda\tools\dverk.dp.hpp">
      <Filter>Header Files</Filter>
    </ClInclude>
    <ClInclude Include="..\cuda\tools\linalg.dp.hpp">
      <Filter>Header Files</Filter>
    </ClInclude>
    <ClInclude Include="..\cuda\tools\mapstep.dp.hpp">
      <Filter>Header Files</Filter>
    </ClInclude>
    <ClInclude Include="..\cuda\models\flows\shimizu.dp.hpp">
      <Filter>Header Files</Filter>
    </ClInclude>
    <ClInclude Include="..\include\json\json.hpp">
      <Filter>Header Files</Filter>
    </ClInclude>
  </ItemGroup>
  <ItemGroup>
    <None Include="..\cuda\utils.cuh">
      <Filter>Header Files</Filter>
    </None>
  </ItemGroup>
</Project>